{
  "name": "aidino",
  "version": "1.0.0",
  "lockfileVersion": 1,
  "requires": true,
  "dependencies": {
    "playwright-chromium": {
      "version": "1.27.1",
      "resolved": "https://registry.npmjs.org/playwright-chromium/-/playwright-chromium-1.27.1.tgz",
      "integrity": "sha512-AXAfmNHVnqByo7dKLwLqEC3aKIUlATwDUHCBwVw/qyRCgGUEoufeFUxFXB7pJ4nppwThph7TFe3fHfoETPqSvg==",
      "requires": {
        "playwright-core": "1.27.1"
      },
      "dependencies": {
        "playwright-core": {
          "version": "1.27.1",
          "resolved": "https://registry.npmjs.org/playwright-core/-/playwright-core-1.27.1.tgz",
          "integrity": "sha512-9EmeXDncC2Pmp/z+teoVYlvmPWUC6ejSSYZUln7YaP89Z6lpAaiaAnqroUt/BoLo8tn7WYShcfaCh+xofZa44Q=="
        }
      }
    }
  }
}
